PODS:
  - Apollo (0.16.1):
    - Apollo/Core (= 0.16.1)
  - Apollo/Core (0.16.1)
  - RxCocoa (5.0.1):
    - RxRelay (~> 5)
    - RxSwift (~> 5)
  - RxRelay (5.0.1):
    - RxSwift (~> 5)
  - RxSwift (5.0.1)

DEPENDENCIES:
  - Apollo (~> 0.16.0)
  - RxCocoa
  - RxSwift

SPEC REPOS:
  https://github.com/cocoapods/specs.git:
    - Apollo
    - RxCocoa
    - RxRelay
    - RxSwift

SPEC CHECKSUMS:
  Apollo: 2b08fca48664d25e1dc8635f0ad128483ccba43b
  RxCocoa: e741b9749968e8a143e2b787f1dfbff2b63d0a5c
  RxRelay: 89d54507f4fd4d969e6ec1d4bd7f3673640b4640
  RxSwift: e2dc62b366a3adf6a0be44ba9f405efd4c94e0c4

PODFILE CHECKSUM: 81d4bd683520c30afbc8720140a9236d30d04ba0

COCOAPODS: 1.7.5
